
Microsoft Visual Studio Solution File, Format Version 12.00
# Visual Studio Version 17
VisualStudioVersion = 17.0.31903.59
MinimumVisualStudioVersion = 10.0.40219.1
Project("{2150E333-8FDC-42A3-9474-1A3956D46DE8}") = "src", "src", "{827E0CD3-B72D-47B6-A68D-7590B98EB39B}"
EndProject
Project("{FAE04EC0-301F-11D3-BF4B-00C04F79EFBC}") = "Numera.Api", "src\Numera.Api\Numera.Api.csproj", "{84F8BB26-EDDD-4648-BCB3-46A7D355F3E2}"
EndProject
Project("{2150E333-8FDC-42A3-9474-1A3956D46DE8}") = "platform", "platform", "{4DF80442-A1E5-CC28-AE7B-27B5F9BFE52B}"
EndProject
Project("{FAE04EC0-301F-11D3-BF4B-00C04F79EFBC}") = "Numera.Platform.Db", "src\platform\Numera.Platform.Db\Numera.Platform.Db.csproj", "{23192C34-9F6A-4685-8A69-DC59811AC2B7}"
EndProject
Project("{FAE04EC0-301F-11D3-BF4B-00C04F79EFBC}") = "Numera.Platform.Tenancy", "src\platform\Numera.Platform.Tenancy\Numera.Platform.Tenancy.csproj", "{56D06E9A-F69C-46D7-BDCB-96FA7F7AE721}"
EndProject
Project("{FAE04EC0-301F-11D3-BF4B-00C04F79EFBC}") = "Numera.Worker", "src\Numera.Worker\Numera.Worker.csproj", "{0AB8BB42-1397-4AC3-B05E-35C45367CED2}"
EndProject
Project("{2150E333-8FDC-42A3-9474-1A3956D46DE8}") = "modules", "modules", "{EC447DCF-ABFA-6E24-52A5-D7FD48A5C558}"
EndProject
Project("{FAE04EC0-301F-11D3-BF4B-00C04F79EFBC}") = "Numera.Modules.Ledger", "src\modules\Numera.Modules.Ledger\Numera.Modules.Ledger.csproj", "{3A2C5342-17BD-46E2-A617-1A792427B250}"
EndProject
Global
	GlobalSection(SolutionConfigurationPlatforms) = preSolution
		Debug|Any CPU = Debug|Any CPU
		Debug|x64 = Debug|x64
		Debug|x86 = Debug|x86
		Release|Any CPU = Release|Any CPU
		Release|x64 = Release|x64
		Release|x86 = Release|x86
	EndGlobalSection
	GlobalSection(ProjectConfigurationPlatforms) = postSolution
		{84F8BB26-EDDD-4648-BCB3-46A7D355F3E2}.Debug|Any CPU.ActiveCfg = Debug|Any CPU
		{84F8BB26-EDDD-4648-BCB3-46A7D355F3E2}.Debug|Any CPU.Build.0 = Debug|Any CPU
		{84F8BB26-EDDD-4648-BCB3-46A7D355F3E2}.Debug|x64.ActiveCfg = Debug|Any CPU
		{84F8BB26-EDDD-4648-BCB3-46A7D355F3E2}.Debug|x64.Build.0 = Debug|Any CPU
		{84F8BB26-EDDD-4648-BCB3-46A7D355F3E2}.Debug|x86.ActiveCfg = Debug|Any CPU
		{84F8BB26-EDDD-4648-BCB3-46A7D355F3E2}.Debug|x86.Build.0 = Debug|Any CPU
		{84F8BB26-EDDD-4648-BCB3-46A7D355F3E2}.Release|Any CPU.ActiveCfg = Release|Any CPU
		{84F8BB26-EDDD-4648-BCB3-46A7D355F3E2}.Release|Any CPU.Build.0 = Release|Any CPU
		{84F8BB26-EDDD-4648-BCB3-46A7D355F3E2}.Release|x64.ActiveCfg = Release|Any CPU
		{84F8BB26-EDDD-4648-BCB3-46A7D355F3E2}.Release|x64.Build.0 = Release|Any CPU
		{84F8BB26-EDDD-4648-BCB3-46A7D355F3E2}.Release|x86.ActiveCfg = Release|Any CPU
		{84F8BB26-EDDD-4648-BCB3-46A7D355F3E2}.Release|x86.Build.0 = Release|Any CPU
		{23192C34-9F6A-4685-8A69-DC59811AC2B7}.Debug|Any CPU.ActiveCfg = Debug|Any CPU
		{23192C34-9F6A-4685-8A69-DC59811AC2B7}.Debug|Any CPU.Build.0 = Debug|Any CPU
		{23192C34-9F6A-4685-8A69-DC59811AC2B7}.Debug|x64.ActiveCfg = Debug|Any CPU
		{23192C34-9F6A-4685-8A69-DC59811AC2B7}.Debug|x64.Build.0 = Debug|Any CPU
		{23192C34-9F6A-4685-8A69-DC59811AC2B7}.Debug|x86.ActiveCfg = Debug|Any CPU
		{23192C34-9F6A-4685-8A69-DC59811AC2B7}.Debug|x86.Build.0 = Debug|Any CPU
		{23192C34-9F6A-4685-8A69-DC59811AC2B7}.Release|Any CPU.ActiveCfg = Release|Any CPU
		{23192C34-9F6A-4685-8A69-DC59811AC2B7}.Release|Any CPU.Build.0 = Release|Any CPU
		{23192C34-9F6A-4685-8A69-DC59811AC2B7}.Release|x64.ActiveCfg = Release|Any CPU
		{23192C34-9F6A-4685-8A69-DC59811AC2B7}.Release|x64.Build.0 = Release|Any CPU
		{23192C34-9F6A-4685-8A69-DC59811AC2B7}.Release|x86.ActiveCfg = Release|Any CPU
		{23192C34-9F6A-4685-8A69-DC59811AC2B7}.Release|x86.Build.0 = Release|Any CPU
		{56D06E9A-F69C-46D7-BDCB-96FA7F7AE721}.Debug|Any CPU.ActiveCfg = Debug|Any CPU
		{56D06E9A-F69C-46D7-BDCB-96FA7F7AE721}.Debug|Any CPU.Build.0 = Debug|Any CPU
		{56D06E9A-F69C-46D7-BDCB-96FA7F7AE721}.Debug|x64.ActiveCfg = Debug|Any CPU
		{56D06E9A-F69C-46D7-BDCB-96FA7F7AE721}.Debug|x64.Build.0 = Debug|Any CPU
		{56D06E9A-F69C-46D7-BDCB-96FA7F7AE721}.Debug|x86.ActiveCfg = Debug|Any CPU
		{56D06E9A-F69C-46D7-BDCB-96FA7F7AE721}.Debug|x86.Build.0 = Debug|Any CPU
		{56D06E9A-F69C-46D7-BDCB-96FA7F7AE721}.Release|Any CPU.ActiveCfg = Release|Any CPU
		{56D06E9A-F69C-46D7-BDCB-96FA7F7AE721}.Release|Any CPU.Build.0 = Release|Any CPU
		{56D06E9A-F69C-46D7-BDCB-96FA7F7AE721}.Release|x64.ActiveCfg = Release|Any CPU
		{56D06E9A-F69C-46D7-BDCB-96FA7F7AE721}.Release|x64.Build.0 = Release|Any CPU
		{56D06E9A-F69C-46D7-BDCB-96FA7F7AE721}.Release|x86.ActiveCfg = Release|Any CPU
		{56D06E9A-F69C-46D7-BDCB-96FA7F7AE721}.Release|x86.Build.0 = Release|Any CPU
		{0AB8BB42-1397-4AC3-B05E-35C45367CED2}.Debug|Any CPU.ActiveCfg = Debug|Any CPU
		{0AB8BB42-1397-4AC3-B05E-35C45367CED2}.Debug|Any CPU.Build.0 = Debug|Any CPU
		{0AB8BB42-1397-4AC3-B05E-35C45367CED2}.Debug|x64.ActiveCfg = Debug|Any CPU
		{0AB8BB42-1397-4AC3-B05E-35C45367CED2}.Debug|x64.Build.0 = Debug|Any CPU
		{0AB8BB42-1397-4AC3-B05E-35C45367CED2}.Debug|x86.ActiveCfg = Debug|Any CPU
		{0AB8BB42-1397-4AC3-B05E-35C45367CED2}.Debug|x86.Build.0 = Debug|Any CPU
		{0AB8BB42-1397-4AC3-B05E-35C45367CED2}.Release|Any CPU.ActiveCfg = Release|Any CPU
		{0AB8BB42-1397-4AC3-B05E-35C45367CED2}.Release|Any CPU.Build.0 = Release|Any CPU
		{0AB8BB42-1397-4AC3-B05E-35C45367CED2}.Release|x64.ActiveCfg = Release|Any CPU
		{0AB8BB42-1397-4AC3-B05E-35C45367CED2}.Release|x64.Build.0 = Release|Any CPU
		{0AB8BB42-1397-4AC3-B05E-35C45367CED2}.Release|x86.ActiveCfg = Release|Any CPU
		{0AB8BB42-1397-4AC3-B05E-35C45367CED2}.Release|x86.Build.0 = Release|Any CPU
		{3A2C5342-17BD-46E2-A617-1A792427B250}.Debug|Any CPU.ActiveCfg = Debug|Any CPU
		{3A2C5342-17BD-46E2-A617-1A792427B250}.Debug|Any CPU.Build.0 = Debug|Any CPU
		{3A2C5342-17BD-46E2-A617-1A792427B250}.Debug|x64.ActiveCfg = Debug|Any CPU
		{3A2C5342-17BD-46E2-A617-1A792427B250}.Debug|x64.Build.0 = Debug|Any CPU
		{3A2C5342-17BD-46E2-A617-1A792427B250}.Debug|x86.ActiveCfg = Debug|Any CPU
		{3A2C5342-17BD-46E2-A617-1A792427B250}.Debug|x86.Build.0 = Debug|Any CPU
		{3A2C5342-17BD-46E2-A617-1A792427B250}.Release|Any CPU.ActiveCfg = Release|Any CPU
		{3A2C5342-17BD-46E2-A617-1A792427B250}.Release|Any CPU.Build.0 = Release|Any CPU
		{3A2C5342-17BD-46E2-A617-1A792427B250}.Release|x64.ActiveCfg = Release|Any CPU
		{3A2C5342-17BD-46E2-A617-1A792427B250}.Release|x64.Build.0 = Release|Any CPU
		{3A2C5342-17BD-46E2-A617-1A792427B250}.Release|x86.ActiveCfg = Release|Any CPU
		{3A2C5342-17BD-46E2-A617-1A792427B250}.Release|x86.Build.0 = Release|Any CPU
	EndGlobalSection
	GlobalSection(SolutionProperties) = preSolution
		HideSolutionNode = FALSE
	EndGlobalSection
	GlobalSection(NestedProjects) = preSolution
		{84F8BB26-EDDD-4648-BCB3-46A7D355F3E2} = {827E0CD3-B72D-47B6-A68D-7590B98EB39B}
		{4DF80442-A1E5-CC28-AE7B-27B5F9BFE52B} = {827E0CD3-B72D-47B6-A68D-7590B98EB39B}
		{23192C34-9F6A-4685-8A69-DC59811AC2B7} = {4DF80442-A1E5-CC28-AE7B-27B5F9BFE52B}
		{56D06E9A-F69C-46D7-BDCB-96FA7F7AE721} = {4DF80442-A1E5-CC28-AE7B-27B5F9BFE52B}
		{0AB8BB42-1397-4AC3-B05E-35C45367CED2} = {827E0CD3-B72D-47B6-A68D-7590B98EB39B}
		{EC447DCF-ABFA-6E24-52A5-D7FD48A5C558} = {827E0CD3-B72D-47B6-A68D-7590B98EB39B}
		{3A2C5342-17BD-46E2-A617-1A792427B250} = {EC447DCF-ABFA-6E24-52A5-D7FD48A5C558}
	EndGlobalSection
EndGlobal
