
Microsoft Visual Studio Solution File, Format Version 12.00
# Visual Studio Version 17
VisualStudioVersion = 17.0.31903.59
MinimumVisualStudioVersion = 10.0.40219.1
Project("{2150E333-8FDC-42A3-9474-1A3956D46DE8}") = "src", "src", "{827E0CD3-B72D-47B6-A68D-7590B98EB39B}"
EndProject
Project("{FAE04EC0-301F-11D3-BF4B-00C04F79EFBC}") = "Numera.Api", "src\Numera.Api\Numera.Api.csproj", "{84F8BB26-EDDD-4648-BCB3-46A7D355F3E2}"
EndProject
Project("{2150E333-8FDC-42A3-9474-1A3956D46DE8}") = "platform", "platform", "{4DF80442-A1E5-CC28-AE7B-27B5F9BFE52B}"
EndProject
Project("{FAE04EC0-301F-11D3-BF4B-00C04F79EFBC}") = "Numera.Platform.Db", "src\platform\Numera.Platform.Db\Numera.Platform.Db.csproj", "{23192C34-9F6A-4685-8A69-DC59811AC2B7}"
EndProject
Project("{FAE04EC0-301F-11D3-BF4B-00C04F79EFBC}") = "Numera.Platform.Tenancy", "src\platform\Numera.Platform.Tenancy\Numera.Platform.Tenancy.csproj", "{56D06E9A-F69C-46D7-BDCB-96FA7F7AE721}"
EndProject
Project("{FAE04EC0-301F-11D3-BF4B-00C04F79EFBC}") = "Numera.Worker", "src\Numera.Worker\Numera.Worker.csproj", "{0AB8BB42-1397-4AC3-B05E-35C45367CED2}"
EndProject
Project("{2150E333-8FDC-42A3-9474-1A3956D46DE8}") = "modules", "modules", "{EC447DCF-ABFA-6E24-52A5-D7FD48A5C558}"
EndProject
Project("{FAE04EC0-301F-11D3-BF4B-00C04F79EFBC}") = "Numera.Modules.Ledger", "src\modules\Numera.Modules.Ledger\Numera.Modules.Ledger.csproj", "{3A2C5342-17BD-46E2-A617-1A792427B250}"
EndProject
Project("{2150E333-8FDC-42A3-9474-1A3956D46DE8}") = "platform", "platform", "{E54149B9-7F22-367F-9CC5-FD829E3AA07B}"
EndProject
Project("{FAE04EC0-301F-11D3-BF4B-00C04F79EFBC}") = "Numera.Platform.Entitlements", "src\platform\Numera.Platform.Entitlements\Numera.Platform.Entitlements.csproj", "{72E26107-F3B6-4C43-8DB5-1D4A1F46E8A3}"
EndProject
Project("{FAE04EC0-301F-11D3-BF4B-00C04F79EFBC}") = "Numera.Platform.Audit", "src\platform\Numera.Platform.Audit\Numera.Platform.Audit.csproj", "{8A19B39B-D20A-4857-A445-08B292F30235}"
EndProject
Project("{2150E333-8FDC-42A3-9474-1A3956D46DE8}") = "tests", "tests", "{0AB3BF05-4346-4AA6-1389-037BE0695223}"
EndProject
Project("{FAE04EC0-301F-11D3-BF4B-00C04F79EFBC}") = "Numera.IntegrationTests", "tests\Numera.IntegrationTests\Numera.IntegrationTests.csproj", "{96EE3C20-4C8A-484E-A653-DB3657D5B5E3}"
EndProject
Project("{FAE04EC0-301F-11D3-BF4B-00C04F79EFBC}") = "Numera.Platform.Money", "src\platform\Numera.Platform.Money\Numera.Platform.Money.csproj", "{177ACAAA-2F44-4738-B7D6-5E3770A56048}"
EndProject
Project("{FAE04EC0-301F-11D3-BF4B-00C04F79EFBC}") = "Numera.Platform.Tests", "tests\Numera.Platform.Tests\Numera.Platform.Tests.csproj", "{76324FF1-A6F0-4E01-A2CE-F0946B924DC2}"
EndProject
Project("{FAE04EC0-301F-11D3-BF4B-00C04F79EFBC}") = "Numera.Modules.Crm", "src\modules\Numera.Modules.Crm\Numera.Modules.Crm.csproj", "{AF94C9BC-28BA-4987-9E83-FE46819191BD}"
EndProject
Global
	GlobalSection(SolutionConfigurationPlatforms) = preSolution
		Debug|Any CPU = Debug|Any CPU
		Debug|x64 = Debug|x64
		Debug|x86 = Debug|x86
		Release|Any CPU = Release|Any CPU
		Release|x64 = Release|x64
		Release|x86 = Release|x86
	EndGlobalSection
	GlobalSection(ProjectConfigurationPlatforms) = postSolution
		{84F8BB26-EDDD-4648-BCB3-46A7D355F3E2}.Debug|Any CPU.ActiveCfg = Debug|Any CPU
		{84F8BB26-EDDD-4648-BCB3-46A7D355F3E2}.Debug|Any CPU.Build.0 = Debug|Any CPU
		{84F8BB26-EDDD-4648-BCB3-46A7D355F3E2}.Debug|x64.ActiveCfg = Debug|Any CPU
		{84F8BB26-EDDD-4648-BCB3-46A7D355F3E2}.Debug|x64.Build.0 = Debug|Any CPU
		{84F8BB26-EDDD-4648-BCB3-46A7D355F3E2}.Debug|x86.ActiveCfg = Debug|Any CPU
		{84F8BB26-EDDD-4648-BCB3-46A7D355F3E2}.Debug|x86.Build.0 = Debug|Any CPU
		{84F8BB26-EDDD-4648-BCB3-46A7D355F3E2}.Release|Any CPU.ActiveCfg = Release|Any CPU
		{84F8BB26-EDDD-4648-BCB3-46A7D355F3E2}.Release|Any CPU.Build.0 = Release|Any CPU
		{84F8BB26-EDDD-4648-BCB3-46A7D355F3E2}.Release|x64.ActiveCfg = Release|Any CPU
		{84F8BB26-EDDD-4648-BCB3-46A7D355F3E2}.Release|x64.Build.0 = Release|Any CPU
		{84F8BB26-EDDD-4648-BCB3-46A7D355F3E2}.Release|x86.ActiveCfg = Release|Any CPU
		{84F8BB26-EDDD-4648-BCB3-46A7D355F3E2}.Release|x86.Build.0 = Release|Any CPU
		{23192C34-9F6A-4685-8A69-DC59811AC2B7}.Debug|Any CPU.ActiveCfg = Debug|Any CPU
		{23192C34-9F6A-4685-8A69-DC59811AC2B7}.Debug|Any CPU.Build.0 = Debug|Any CPU
		{23192C34-9F6A-4685-8A69-DC59811AC2B7}.Debug|x64.ActiveCfg = Debug|Any CPU
		{23192C34-9F6A-4685-8A69-DC59811AC2B7}.Debug|x64.Build.0 = Debug|Any CPU
		{23192C34-9F6A-4685-8A69-DC59811AC2B7}.Debug|x86.ActiveCfg = Debug|Any CPU
		{23192C34-9F6A-4685-8A69-DC59811AC2B7}.Debug|x86.Build.0 = Debug|Any CPU
		{23192C34-9F6A-4685-8A69-DC59811AC2B7}.Release|Any CPU.ActiveCfg = Release|Any CPU
		{23192C34-9F6A-4685-8A69-DC59811AC2B7}.Release|Any CPU.Build.0 = Release|Any CPU
		{23192C34-9F6A-4685-8A69-DC59811AC2B7}.Release|x64.ActiveCfg = Release|Any CPU
		{23192C34-9F6A-4685-8A69-DC59811AC2B7}.Release|x64.Build.0 = Release|Any CPU
		{23192C34-9F6A-4685-8A69-DC59811AC2B7}.Release|x86.ActiveCfg = Release|Any CPU
		{23192C34-9F6A-4685-8A69-DC59811AC2B7}.Release|x86.Build.0 = Release|Any CPU
		{56D06E9A-F69C-46D7-BDCB-96FA7F7AE721}.Debug|Any CPU.ActiveCfg = Debug|Any CPU
		{56D06E9A-F69C-46D7-BDCB-96FA7F7AE721}.Debug|Any CPU.Build.0 = Debug|Any CPU
		{56D06E9A-F69C-46D7-BDCB-96FA7F7AE721}.Debug|x64.ActiveCfg = Debug|Any CPU
		{56D06E9A-F69C-46D7-BDCB-96FA7F7AE721}.Debug|x64.Build.0 = Debug|Any CPU
		{56D06E9A-F69C-46D7-BDCB-96FA7F7AE721}.Debug|x86.ActiveCfg = Debug|Any CPU
		{56D06E9A-F69C-46D7-BDCB-96FA7F7AE721}.Debug|x86.Build.0 = Debug|Any CPU
		{56D06E9A-F69C-46D7-BDCB-96FA7F7AE721}.Release|Any CPU.ActiveCfg = Release|Any CPU
		{56D06E9A-F69C-46D7-BDCB-96FA7F7AE721}.Release|Any CPU.Build.0 = Release|Any CPU
		{56D06E9A-F69C-46D7-BDCB-96FA7F7AE721}.Release|x64.ActiveCfg = Release|Any CPU
		{56D06E9A-F69C-46D7-BDCB-96FA7F7AE721}.Release|x64.Build.0 = Release|Any CPU
		{56D06E9A-F69C-46D7-BDCB-96FA7F7AE721}.Release|x86.ActiveCfg = Release|Any CPU
		{56D06E9A-F69C-46D7-BDCB-96FA7F7AE721}.Release|x86.Build.0 = Release|Any CPU
		{0AB8BB42-1397-4AC3-B05E-35C45367CED2}.Debug|Any CPU.ActiveCfg = Debug|Any CPU
		{0AB8BB42-1397-4AC3-B05E-35C45367CED2}.Debug|Any CPU.Build.0 = Debug|Any CPU
		{0AB8BB42-1397-4AC3-B05E-35C45367CED2}.Debug|x64.ActiveCfg = Debug|Any CPU
		{0AB8BB42-1397-4AC3-B05E-35C45367CED2}.Debug|x64.Build.0 = Debug|Any CPU
		{0AB8BB42-1397-4AC3-B05E-35C45367CED2}.Debug|x86.ActiveCfg = Debug|Any CPU
		{0AB8BB42-1397-4AC3-B05E-35C45367CED2}.Debug|x86.Build.0 = Debug|Any CPU
		{0AB8BB42-1397-4AC3-B05E-35C45367CED2}.Release|Any CPU.ActiveCfg = Release|Any CPU
		{0AB8BB42-1397-4AC3-B05E-35C45367CED2}.Release|Any CPU.Build.0 = Release|Any CPU
		{0AB8BB42-1397-4AC3-B05E-35C45367CED2}.Release|x64.ActiveCfg = Release|Any CPU
		{0AB8BB42-1397-4AC3-B05E-35C45367CED2}.Release|x64.Build.0 = Release|Any CPU
		{0AB8BB42-1397-4AC3-B05E-35C45367CED2}.Release|x86.ActiveCfg = Release|Any CPU
		{0AB8BB42-1397-4AC3-B05E-35C45367CED2}.Release|x86.Build.0 = Release|Any CPU
		{3A2C5342-17BD-46E2-A617-1A792427B250}.Debug|Any CPU.ActiveCfg = Debug|Any CPU
		{3A2C5342-17BD-46E2-A617-1A792427B250}.Debug|Any CPU.Build.0 = Debug|Any CPU
		{3A2C5342-17BD-46E2-A617-1A792427B250}.Debug|x64.ActiveCfg = Debug|Any CPU
		{3A2C5342-17BD-46E2-A617-1A792427B250}.Debug|x64.Build.0 = Debug|Any CPU
		{3A2C5342-17BD-46E2-A617-1A792427B250}.Debug|x86.ActiveCfg = Debug|Any CPU
		{3A2C5342-17BD-46E2-A617-1A792427B250}.Debug|x86.Build.0 = Debug|Any CPU
		{3A2C5342-17BD-46E2-A617-1A792427B250}.Release|Any CPU.ActiveCfg = Release|Any CPU
		{3A2C5342-17BD-46E2-A617-1A792427B250}.Release|Any CPU.Build.0 = Release|Any CPU
		{3A2C5342-17BD-46E2-A617-1A792427B250}.Release|x64.ActiveCfg = Release|Any CPU
		{3A2C5342-17BD-46E2-A617-1A792427B250}.Release|x64.Build.0 = Release|Any CPU
		{3A2C5342-17BD-46E2-A617-1A792427B250}.Release|x86.ActiveCfg = Release|Any CPU
		{3A2C5342-17BD-46E2-A617-1A792427B250}.Release|x86.Build.0 = Release|Any CPU
		{72E26107-F3B6-4C43-8DB5-1D4A1F46E8A3}.Debug|Any CPU.ActiveCfg = Debug|Any CPU
		{72E26107-F3B6-4C43-8DB5-1D4A1F46E8A3}.Debug|Any CPU.Build.0 = Debug|Any CPU
		{72E26107-F3B6-4C43-8DB5-1D4A1F46E8A3}.Debug|x64.ActiveCfg = Debug|Any CPU
		{72E26107-F3B6-4C43-8DB5-1D4A1F46E8A3}.Debug|x64.Build.0 = Debug|Any CPU
		{72E26107-F3B6-4C43-8DB5-1D4A1F46E8A3}.Debug|x86.ActiveCfg = Debug|Any CPU
		{72E26107-F3B6-4C43-8DB5-1D4A1F46E8A3}.Debug|x86.Build.0 = Debug|Any CPU
		{72E26107-F3B6-4C43-8DB5-1D4A1F46E8A3}.Release|Any CPU.ActiveCfg = Release|Any CPU
		{72E26107-F3B6-4C43-8DB5-1D4A1F46E8A3}.Release|Any CPU.Build.0 = Release|Any CPU
		{72E26107-F3B6-4C43-8DB5-1D4A1F46E8A3}.Release|x64.ActiveCfg = Release|Any CPU
		{72E26107-F3B6-4C43-8DB5-1D4A1F46E8A3}.Release|x64.Build.0 = Release|Any CPU
		{72E26107-F3B6-4C43-8DB5-1D4A1F46E8A3}.Release|x86.ActiveCfg = Release|Any CPU
		{72E26107-F3B6-4C43-8DB5-1D4A1F46E8A3}.Release|x86.Build.0 = Release|Any CPU
		{8A19B39B-D20A-4857-A445-08B292F30235}.Debug|Any CPU.ActiveCfg = Debug|Any CPU
		{8A19B39B-D20A-4857-A445-08B292F30235}.Debug|Any CPU.Build.0 = Debug|Any CPU
		{8A19B39B-D20A-4857-A445-08B292F30235}.Debug|x64.ActiveCfg = Debug|Any CPU
		{8A19B39B-D20A-4857-A445-08B292F30235}.Debug|x64.Build.0 = Debug|Any CPU
		{8A19B39B-D20A-4857-A445-08B292F30235}.Debug|x86.ActiveCfg = Debug|Any CPU
		{8A19B39B-D20A-4857-A445-08B292F30235}.Debug|x86.Build.0 = Debug|Any CPU
		{8A19B39B-D20A-4857-A445-08B292F30235}.Release|Any CPU.ActiveCfg = Release|Any CPU
		{8A19B39B-D20A-4857-A445-08B292F30235}.Release|Any CPU.Build.0 = Release|Any CPU
		{8A19B39B-D20A-4857-A445-08B292F30235}.Release|x64.ActiveCfg = Release|Any CPU
		{8A19B39B-D20A-4857-A445-08B292F30235}.Release|x64.Build.0 = Release|Any CPU
		{8A19B39B-D20A-4857-A445-08B292F30235}.Release|x86.ActiveCfg = Release|Any CPU
		{8A19B39B-D20A-4857-A445-08B292F30235}.Release|x86.Build.0 = Release|Any CPU
		{96EE3C20-4C8A-484E-A653-DB3657D5B5E3}.Debug|Any CPU.ActiveCfg = Debug|Any CPU
		{96EE3C20-4C8A-484E-A653-DB3657D5B5E3}.Debug|Any CPU.Build.0 = Debug|Any CPU
		{96EE3C20-4C8A-484E-A653-DB3657D5B5E3}.Debug|x64.ActiveCfg = Debug|Any CPU
		{96EE3C20-4C8A-484E-A653-DB3657D5B5E3}.Debug|x64.Build.0 = Debug|Any CPU
		{96EE3C20-4C8A-484E-A653-DB3657D5B5E3}.Debug|x86.ActiveCfg = Debug|Any CPU
		{96EE3C20-4C8A-484E-A653-DB3657D5B5E3}.Debug|x86.Build.0 = Debug|Any CPU
		{96EE3C20-4C8A-484E-A653-DB3657D5B5E3}.Release|Any CPU.ActiveCfg = Release|Any CPU
		{96EE3C20-4C8A-484E-A653-DB3657D5B5E3}.Release|Any CPU.Build.0 = Release|Any CPU
		{96EE3C20-4C8A-484E-A653-DB3657D5B5E3}.Release|x64.ActiveCfg = Release|Any CPU
		{96EE3C20-4C8A-484E-A653-DB3657D5B5E3}.Release|x64.Build.0 = Release|Any CPU
		{96EE3C20-4C8A-484E-A653-DB3657D5B5E3}.Release|x86.ActiveCfg = Release|Any CPU
		{96EE3C20-4C8A-484E-A653-DB3657D5B5E3}.Release|x86.Build.0 = Release|Any CPU
		{177ACAAA-2F44-4738-B7D6-5E3770A56048}.Debug|Any CPU.ActiveCfg = Debug|Any CPU
		{177ACAAA-2F44-4738-B7D6-5E3770A56048}.Debug|Any CPU.Build.0 = Debug|Any CPU
		{177ACAAA-2F44-4738-B7D6-5E3770A56048}.Debug|x64.ActiveCfg = Debug|Any CPU
		{177ACAAA-2F44-4738-B7D6-5E3770A56048}.Debug|x64.Build.0 = Debug|Any CPU
		{177ACAAA-2F44-4738-B7D6-5E3770A56048}.Debug|x86.ActiveCfg = Debug|Any CPU
		{177ACAAA-2F44-4738-B7D6-5E3770A56048}.Debug|x86.Build.0 = Debug|Any CPU
		{177ACAAA-2F44-4738-B7D6-5E3770A56048}.Release|Any CPU.ActiveCfg = Release|Any CPU
		{177ACAAA-2F44-4738-B7D6-5E3770A56048}.Release|Any CPU.Build.0 = Release|Any CPU
		{177ACAAA-2F44-4738-B7D6-5E3770A56048}.Release|x64.ActiveCfg = Release|Any CPU
		{177ACAAA-2F44-4738-B7D6-5E3770A56048}.Release|x64.Build.0 = Release|Any CPU
		{177ACAAA-2F44-4738-B7D6-5E3770A56048}.Release|x86.ActiveCfg = Release|Any CPU
		{177ACAAA-2F44-4738-B7D6-5E3770A56048}.Release|x86.Build.0 = Release|Any CPU
		{76324FF1-A6F0-4E01-A2CE-F0946B924DC2}.Debug|Any CPU.ActiveCfg = Debug|Any CPU
		{76324FF1-A6F0-4E01-A2CE-F0946B924DC2}.Debug|Any CPU.Build.0 = Debug|Any CPU
		{76324FF1-A6F0-4E01-A2CE-F0946B924DC2}.Debug|x64.ActiveCfg = Debug|Any CPU
		{76324FF1-A6F0-4E01-A2CE-F0946B924DC2}.Debug|x64.Build.0 = Debug|Any CPU
		{76324FF1-A6F0-4E01-A2CE-F0946B924DC2}.Debug|x86.ActiveCfg = Debug|Any CPU
		{76324FF1-A6F0-4E01-A2CE-F0946B924DC2}.Debug|x86.Build.0 = Debug|Any CPU
		{76324FF1-A6F0-4E01-A2CE-F0946B924DC2}.Release|Any CPU.ActiveCfg = Release|Any CPU
		{76324FF1-A6F0-4E01-A2CE-F0946B924DC2}.Release|Any CPU.Build.0 = Release|Any CPU
		{76324FF1-A6F0-4E01-A2CE-F0946B924DC2}.Release|x64.ActiveCfg = Release|Any CPU
		{76324FF1-A6F0-4E01-A2CE-F0946B924DC2}.Release|x64.Build.0 = Release|Any CPU
		{76324FF1-A6F0-4E01-A2CE-F0946B924DC2}.Release|x86.ActiveCfg = Release|Any CPU
		{76324FF1-A6F0-4E01-A2CE-F0946B924DC2}.Release|x86.Build.0 = Release|Any CPU
		{AF94C9BC-28BA-4987-9E83-FE46819191BD}.Debug|Any CPU.ActiveCfg = Debug|Any CPU
		{AF94C9BC-28BA-4987-9E83-FE46819191BD}.Debug|Any CPU.Build.0 = Debug|Any CPU
		{AF94C9BC-28BA-4987-9E83-FE46819191BD}.Debug|x64.ActiveCfg = Debug|Any CPU
		{AF94C9BC-28BA-4987-9E83-FE46819191BD}.Debug|x64.Build.0 = Debug|Any CPU
		{AF94C9BC-28BA-4987-9E83-FE46819191BD}.Debug|x86.ActiveCfg = Debug|Any CPU
		{AF94C9BC-28BA-4987-9E83-FE46819191BD}.Debug|x86.Build.0 = Debug|Any CPU
		{AF94C9BC-28BA-4987-9E83-FE46819191BD}.Release|Any CPU.ActiveCfg = Release|Any CPU
		{AF94C9BC-28BA-4987-9E83-FE46819191BD}.Release|Any CPU.Build.0 = Release|Any CPU
		{AF94C9BC-28BA-4987-9E83-FE46819191BD}.Release|x64.ActiveCfg = Release|Any CPU
		{AF94C9BC-28BA-4987-9E83-FE46819191BD}.Release|x64.Build.0 = Release|Any CPU
		{AF94C9BC-28BA-4987-9E83-FE46819191BD}.Release|x86.ActiveCfg = Release|Any CPU
		{AF94C9BC-28BA-4987-9E83-FE46819191BD}.Release|x86.Build.0 = Release|Any CPU
	EndGlobalSection
	GlobalSection(SolutionProperties) = preSolution
		HideSolutionNode = FALSE
	EndGlobalSection
	GlobalSection(NestedProjects) = preSolution
		{84F8BB26-EDDD-4648-BCB3-46A7D355F3E2} = {827E0CD3-B72D-47B6-A68D-7590B98EB39B}
		{4DF80442-A1E5-CC28-AE7B-27B5F9BFE52B} = {827E0CD3-B72D-47B6-A68D-7590B98EB39B}
		{23192C34-9F6A-4685-8A69-DC59811AC2B7} = {4DF80442-A1E5-CC28-AE7B-27B5F9BFE52B}
		{56D06E9A-F69C-46D7-BDCB-96FA7F7AE721} = {4DF80442-A1E5-CC28-AE7B-27B5F9BFE52B}
		{0AB8BB42-1397-4AC3-B05E-35C45367CED2} = {827E0CD3-B72D-47B6-A68D-7590B98EB39B}
		{EC447DCF-ABFA-6E24-52A5-D7FD48A5C558} = {827E0CD3-B72D-47B6-A68D-7590B98EB39B}
		{3A2C5342-17BD-46E2-A617-1A792427B250} = {EC447DCF-ABFA-6E24-52A5-D7FD48A5C558}
		{72E26107-F3B6-4C43-8DB5-1D4A1F46E8A3} = {E54149B9-7F22-367F-9CC5-FD829E3AA07B}
		{8A19B39B-D20A-4857-A445-08B292F30235} = {4DF80442-A1E5-CC28-AE7B-27B5F9BFE52B}
		{96EE3C20-4C8A-484E-A653-DB3657D5B5E3} = {0AB3BF05-4346-4AA6-1389-037BE0695223}
		{177ACAAA-2F44-4738-B7D6-5E3770A56048} = {4DF80442-A1E5-CC28-AE7B-27B5F9BFE52B}
		{76324FF1-A6F0-4E01-A2CE-F0946B924DC2} = {0AB3BF05-4346-4AA6-1389-037BE0695223}
		{AF94C9BC-28BA-4987-9E83-FE46819191BD} = {EC447DCF-ABFA-6E24-52A5-D7FD48A5C558}
	EndGlobalSection
EndGlobal
